
Microsoft Visual Studio Solution File, Format Version 12.00
# Visual Studio Version 16
VisualStudioVersion = 16.0.29519.181
MinimumVisualStudioVersion = 10.0.40219.1
Project("{FAE04EC0-301F-11D3-BF4B-00C04F79EFBC}") = "Vidly", "Vidly\Vidly.csproj", "{6F0FB5B8-3208-467E-8D07-2B915F3070F3}"
EndProject
Global
	GlobalSection(SolutionConfigurationPlatforms) = preSolution
		Debug|Any CPU = Debug|Any CPU
		Release|Any CPU = Release|Any CPU
		Testing|Any CPU = Testing|Any CPU
	EndGlobalSection
	GlobalSection(ProjectConfigurationPlatforms) = postSolution
		{6F0FB5B8-3208-467E-8D07-2B915F3070F3}.Debug|Any CPU.ActiveCfg = Debug|Any CPU
		{6F0FB5B8-3208-467E-8D07-2B915F3070F3}.Debug|Any CPU.Build.0 = Debug|Any CPU
		{6F0FB5B8-3208-467E-8D07-2B915F3070F3}.Release|Any CPU.ActiveCfg = Release|Any CPU
		{6F0FB5B8-3208-467E-8D07-2B915F3070F3}.Release|Any CPU.Build.0 = Release|Any CPU
		{6F0FB5B8-3208-467E-8D07-2B915F3070F3}.Testing|Any CPU.ActiveCfg = Testing|Any CPU
		{6F0FB5B8-3208-467E-8D07-2B915F3070F3}.Testing|Any CPU.Build.0 = Testing|Any CPU
	EndGlobalSection
	GlobalSection(SolutionProperties) = preSolution
		HideSolutionNode = FALSE
	EndGlobalSection
	GlobalSection(ExtensibilityGlobals) = postSolution
		SolutionGuid = {A0DDC92C-BCE2-4987-B83E-6D5C630FACA2}
	EndGlobalSection
EndGlobal
